
Microsoft Visual Studio Solution File, Format Version 12.00
# Visual Studio Version 16
VisualStudioVersion = 16.0.31025.194
MinimumVisualStudioVersion = 10.0.40219.1
Project("{2150E333-8FDC-42A3-9474-1A3956D46DE8}") = "Solution", "Solution", "{599DBFD9-29C8-424A-9454-34C0FCFB92E1}"
EndProject
Project("{2150E333-8FDC-42A3-9474-1A3956D46DE8}") = "1.Authentication", "1.Authentication", "{3CCF403B-1C0F-4733-A620-FA1E3A889624}"
EndProject
Project("{2150E333-8FDC-42A3-9474-1A3956D46DE8}") = "2.Inventory", "2.Inventory", "{732C2AF7-F6B6-442C-83B5-E3E186B1E22C}"
EndProject
Project("{2150E333-8FDC-42A3-9474-1A3956D46DE8}") = "3.Sales", "3.Sales", "{04F34BA7-02DE-4D75-9D24-EE63E8848329}"
EndProject
Project("{2150E333-8FDC-42A3-9474-1A3956D46DE8}") = "4.Purchase", "4.Purchase", "{8A45E249-2AE5-4674-93D7-25DD0F391464}"
EndProject
Project("{2150E333-8FDC-42A3-9474-1A3956D46DE8}") = "0.Common", "0.Common", "{C3867C9C-23EE-4A2A-B9A4-4649CE5A7685}"
EndProject
Project("{9A19103F-16F7-4668-BE54-9A1E7A4F7556}") = "Authentication.Microservice", "User.Microservice\Authentication.Microservice.csproj", "{62121BF1-13CE-4C95-ABA6-B2F4CB6C9615}"
EndProject
Project("{9A19103F-16F7-4668-BE54-9A1E7A4F7556}") = "Inventory.Microservice", "Inventory.Microservice\Inventory.Microservice.csproj", "{81042180-27CA-4E01-B6AD-AECB2AB842C7}"
EndProject
Project("{9A19103F-16F7-4668-BE54-9A1E7A4F7556}") = "Sales.Microservice", "Sales.Microservice\Sales.Microservice.csproj", "{A26AB0FC-F8AC-49EC-AD62-4D9A416DFE82}"
EndProject
Project("{9A19103F-16F7-4668-BE54-9A1E7A4F7556}") = "Purchase.Microservice", "Purchase.Microservice\Purchase.Microservice.csproj", "{19EC701D-EFEB-4DAB-8E4F-EE6DBA5A4F6F}"
EndProject
Project("{2150E333-8FDC-42A3-9474-1A3956D46DE8}") = "9.ApiGateway", "9.ApiGateway", "{9EB4250B-CBF9-4252-9F13-BC39E42B525B}"
EndProject
Project("{9A19103F-16F7-4668-BE54-9A1E7A4F7556}") = "ApiGateway", "ApiGateway\ApiGateway.csproj", "{82D4F22C-1F7E-4CE9-B7ED-030B464AFAB1}"
EndProject
Project("{9A19103F-16F7-4668-BE54-9A1E7A4F7556}") = "Sidecar.Common", "Sidecar.Common\Sidecar.Common.csproj", "{B08B119F-6068-4BAC-ABBF-A474F2ADCDCF}"
EndProject
Project("{9A19103F-16F7-4668-BE54-9A1E7A4F7556}") = "Infrastructure.Common", "Infrastructure.Common\Infrastructure.Common.csproj", "{9651D3C5-3584-4C7D-B000-B115449D0BDD}"
EndProject
Project("{9A19103F-16F7-4668-BE54-9A1E7A4F7556}") = "Model.Common", "Model.Common\Model.Common.csproj", "{9B3F7B3D-B14D-4D46-9EE3-F341E8231A2B}"
EndProject
Project("{9A19103F-16F7-4668-BE54-9A1E7A4F7556}") = "Service.Common", "Service.Common\Service.Common.csproj", "{541C9FA2-3D1A-48E7-A07B-AD6DA16BB11A}"
EndProject
Global
	GlobalSection(SolutionConfigurationPlatforms) = preSolution
		Debug|Any CPU = Debug|Any CPU
		Release|Any CPU = Release|Any CPU
	EndGlobalSection
	GlobalSection(ProjectConfigurationPlatforms) = postSolution
		{62121BF1-13CE-4C95-ABA6-B2F4CB6C9615}.Debug|Any CPU.ActiveCfg = Debug|Any CPU
		{62121BF1-13CE-4C95-ABA6-B2F4CB6C9615}.Debug|Any CPU.Build.0 = Debug|Any CPU
		{62121BF1-13CE-4C95-ABA6-B2F4CB6C9615}.Release|Any CPU.ActiveCfg = Release|Any CPU
		{62121BF1-13CE-4C95-ABA6-B2F4CB6C9615}.Release|Any CPU.Build.0 = Release|Any CPU
		{81042180-27CA-4E01-B6AD-AECB2AB842C7}.Debug|Any CPU.ActiveCfg = Debug|Any CPU
		{81042180-27CA-4E01-B6AD-AECB2AB842C7}.Debug|Any CPU.Build.0 = Debug|Any CPU
		{81042180-27CA-4E01-B6AD-AECB2AB842C7}.Release|Any CPU.ActiveCfg = Release|Any CPU
		{81042180-27CA-4E01-B6AD-AECB2AB842C7}.Release|Any CPU.Build.0 = Release|Any CPU
		{A26AB0FC-F8AC-49EC-AD62-4D9A416DFE82}.Debug|Any CPU.ActiveCfg = Debug|Any CPU
		{A26AB0FC-F8AC-49EC-AD62-4D9A416DFE82}.Debug|Any CPU.Build.0 = Debug|Any CPU
		{A26AB0FC-F8AC-49EC-AD62-4D9A416DFE82}.Release|Any CPU.ActiveCfg = Release|Any CPU
		{A26AB0FC-F8AC-49EC-AD62-4D9A416DFE82}.Release|Any CPU.Build.0 = Release|Any CPU
		{19EC701D-EFEB-4DAB-8E4F-EE6DBA5A4F6F}.Debug|Any CPU.ActiveCfg = Debug|Any CPU
		{19EC701D-EFEB-4DAB-8E4F-EE6DBA5A4F6F}.Debug|Any CPU.Build.0 = Debug|Any CPU
		{19EC701D-EFEB-4DAB-8E4F-EE6DBA5A4F6F}.Release|Any CPU.ActiveCfg = Release|Any CPU
		{19EC701D-EFEB-4DAB-8E4F-EE6DBA5A4F6F}.Release|Any CPU.Build.0 = Release|Any CPU
		{82D4F22C-1F7E-4CE9-B7ED-030B464AFAB1}.Debug|Any CPU.ActiveCfg = Debug|Any CPU
		{82D4F22C-1F7E-4CE9-B7ED-030B464AFAB1}.Debug|Any CPU.Build.0 = Debug|Any CPU
		{82D4F22C-1F7E-4CE9-B7ED-030B464AFAB1}.Release|Any CPU.ActiveCfg = Release|Any CPU
		{82D4F22C-1F7E-4CE9-B7ED-030B464AFAB1}.Release|Any CPU.Build.0 = Release|Any CPU
		{B08B119F-6068-4BAC-ABBF-A474F2ADCDCF}.Debug|Any CPU.ActiveCfg = Debug|Any CPU
		{B08B119F-6068-4BAC-ABBF-A474F2ADCDCF}.Debug|Any CPU.Build.0 = Debug|Any CPU
		{B08B119F-6068-4BAC-ABBF-A474F2ADCDCF}.Release|Any CPU.ActiveCfg = Release|Any CPU
		{B08B119F-6068-4BAC-ABBF-A474F2ADCDCF}.Release|Any CPU.Build.0 = Release|Any CPU
		{9651D3C5-3584-4C7D-B000-B115449D0BDD}.Debug|Any CPU.ActiveCfg = Debug|Any CPU
		{9651D3C5-3584-4C7D-B000-B115449D0BDD}.Debug|Any CPU.Build.0 = Debug|Any CPU
		{9651D3C5-3584-4C7D-B000-B115449D0BDD}.Release|Any CPU.ActiveCfg = Release|Any CPU
		{9651D3C5-3584-4C7D-B000-B115449D0BDD}.Release|Any CPU.Build.0 = Release|Any CPU
		{9B3F7B3D-B14D-4D46-9EE3-F341E8231A2B}.Debug|Any CPU.ActiveCfg = Debug|Any CPU
		{9B3F7B3D-B14D-4D46-9EE3-F341E8231A2B}.Debug|Any CPU.Build.0 = Debug|Any CPU
		{9B3F7B3D-B14D-4D46-9EE3-F341E8231A2B}.Release|Any CPU.ActiveCfg = Release|Any CPU
		{9B3F7B3D-B14D-4D46-9EE3-F341E8231A2B}.Release|Any CPU.Build.0 = Release|Any CPU
		{541C9FA2-3D1A-48E7-A07B-AD6DA16BB11A}.Debug|Any CPU.ActiveCfg = Debug|Any CPU
		{541C9FA2-3D1A-48E7-A07B-AD6DA16BB11A}.Debug|Any CPU.Build.0 = Debug|Any CPU
		{541C9FA2-3D1A-48E7-A07B-AD6DA16BB11A}.Release|Any CPU.ActiveCfg = Release|Any CPU
		{541C9FA2-3D1A-48E7-A07B-AD6DA16BB11A}.Release|Any CPU.Build.0 = Release|Any CPU
	EndGlobalSection
	GlobalSection(SolutionProperties) = preSolution
		HideSolutionNode = FALSE
	EndGlobalSection
	GlobalSection(NestedProjects) = preSolution
		{3CCF403B-1C0F-4733-A620-FA1E3A889624} = {599DBFD9-29C8-424A-9454-34C0FCFB92E1}
		{732C2AF7-F6B6-442C-83B5-E3E186B1E22C} = {599DBFD9-29C8-424A-9454-34C0FCFB92E1}
		{04F34BA7-02DE-4D75-9D24-EE63E8848329} = {599DBFD9-29C8-424A-9454-34C0FCFB92E1}
		{8A45E249-2AE5-4674-93D7-25DD0F391464} = {599DBFD9-29C8-424A-9454-34C0FCFB92E1}
		{C3867C9C-23EE-4A2A-B9A4-4649CE5A7685} = {599DBFD9-29C8-424A-9454-34C0FCFB92E1}
		{62121BF1-13CE-4C95-ABA6-B2F4CB6C9615} = {3CCF403B-1C0F-4733-A620-FA1E3A889624}
		{81042180-27CA-4E01-B6AD-AECB2AB842C7} = {732C2AF7-F6B6-442C-83B5-E3E186B1E22C}
		{A26AB0FC-F8AC-49EC-AD62-4D9A416DFE82} = {04F34BA7-02DE-4D75-9D24-EE63E8848329}
		{19EC701D-EFEB-4DAB-8E4F-EE6DBA5A4F6F} = {8A45E249-2AE5-4674-93D7-25DD0F391464}
		{9EB4250B-CBF9-4252-9F13-BC39E42B525B} = {599DBFD9-29C8-424A-9454-34C0FCFB92E1}
		{82D4F22C-1F7E-4CE9-B7ED-030B464AFAB1} = {9EB4250B-CBF9-4252-9F13-BC39E42B525B}
		{B08B119F-6068-4BAC-ABBF-A474F2ADCDCF} = {C3867C9C-23EE-4A2A-B9A4-4649CE5A7685}
		{9651D3C5-3584-4C7D-B000-B115449D0BDD} = {C3867C9C-23EE-4A2A-B9A4-4649CE5A7685}
		{9B3F7B3D-B14D-4D46-9EE3-F341E8231A2B} = {C3867C9C-23EE-4A2A-B9A4-4649CE5A7685}
		{541C9FA2-3D1A-48E7-A07B-AD6DA16BB11A} = {C3867C9C-23EE-4A2A-B9A4-4649CE5A7685}
	EndGlobalSection
	GlobalSection(ExtensibilityGlobals) = postSolution
		SolutionGuid = {0D403B47-BC24-427C-BEFE-B71CC1090C02}
	EndGlobalSection
EndGlobal
